
Microsoft Visual Studio Solution File, Format Version 12.00
# Visual Studio 15
VisualStudioVersion = 15.0.26403.7
MinimumVisualStudioVersion = 10.0.40219.1
Project("{D954291E-2A0B-460D-934E-DC6B0785DB48}") = "AppXross7", "AppXross7\AppXross7\AppXross7.shproj", "{9256B045-1582-4149-8482-8CEDDAEE3A9C}"
EndProject
Project("{FAE04EC0-301F-11D3-BF4B-00C04F79EFBC}") = "AppXross7.Android", "AppXross7\AppXross7.Android\AppXross7.Android.csproj", "{B44AF58B-3E68-4375-BAB2-03B1008118C0}"
EndProject
Project("{FAE04EC0-301F-11D3-BF4B-00C04F79EFBC}") = "AppXross7.iOS", "AppXross7\AppXross7.iOS\AppXross7.iOS.csproj", "{4BBE84D7-3F4F-48C3-93B0-A0C84E3B19B7}"
EndProject
Project("{FAE04EC0-301F-11D3-BF4B-00C04F79EFBC}") = "AppXross7.UWP", "AppXross7\AppXross7.UWP\AppXross7.UWP.csproj", "{4A674579-9BF5-44D0-83B4-0CD70625A614}"
EndProject
Global
	GlobalSection(SharedMSBuildProjectFiles) = preSolution
		AppXross7\AppXross7\AppXross7.projitems*{4a674579-9bf5-44d0-83b4-0cd70625a614}*SharedItemsImports = 4
		AppXross7\AppXross7\AppXross7.projitems*{4bbe84d7-3f4f-48c3-93b0-a0c84e3b19b7}*SharedItemsImports = 4
		AppXross7\AppXross7\AppXross7.projitems*{9256b045-1582-4149-8482-8ceddaee3a9c}*SharedItemsImports = 13
		AppXross7\AppXross7\AppXross7.projitems*{b44af58b-3e68-4375-bab2-03b1008118c0}*SharedItemsImports = 4
	EndGlobalSection
	GlobalSection(SolutionConfigurationPlatforms) = preSolution
		Ad-Hoc|Any CPU = Ad-Hoc|Any CPU
		Ad-Hoc|ARM = Ad-Hoc|ARM
		Ad-Hoc|iPhone = Ad-Hoc|iPhone
		Ad-Hoc|iPhoneSimulator = Ad-Hoc|iPhoneSimulator
		Ad-Hoc|x64 = Ad-Hoc|x64
		Ad-Hoc|x86 = Ad-Hoc|x86
		AppStore|Any CPU = AppStore|Any CPU
		AppStore|ARM = AppStore|ARM
		AppStore|iPhone = AppStore|iPhone
		AppStore|iPhoneSimulator = AppStore|iPhoneSimulator
		AppStore|x64 = AppStore|x64
		AppStore|x86 = AppStore|x86
		Debug|Any CPU = Debug|Any CPU
		Debug|ARM = Debug|ARM
		Debug|iPhone = Debug|iPhone
		Debug|iPhoneSimulator = Debug|iPhoneSimulator
		Debug|x64 = Debug|x64
		Debug|x86 = Debug|x86
		Release|Any CPU = Release|Any CPU
		Release|ARM = Release|ARM
		Release|iPhone = Release|iPhone
		Release|iPhoneSimulator = Release|iPhoneSimulator
		Release|x64 = Release|x64
		Release|x86 = Release|x86
	EndGlobalSection
	GlobalSection(ProjectConfigurationPlatforms) = postSolution
		{B44AF58B-3E68-4375-BAB2-03B1008118C0}.Ad-Hoc|Any CPU.ActiveCfg = Release|Any CPU
		{B44AF58B-3E68-4375-BAB2-03B1008118C0}.Ad-Hoc|Any CPU.Build.0 = Release|Any CPU
		{B44AF58B-3E68-4375-BAB2-03B1008118C0}.Ad-Hoc|Any CPU.Deploy.0 = Release|Any CPU
		{B44AF58B-3E68-4375-BAB2-03B1008118C0}.Ad-Hoc|ARM.ActiveCfg = Release|Any CPU
		{B44AF58B-3E68-4375-BAB2-03B1008118C0}.Ad-Hoc|ARM.Build.0 = Release|Any CPU
		{B44AF58B-3E68-4375-BAB2-03B1008118C0}.Ad-Hoc|ARM.Deploy.0 = Release|Any CPU
		{B44AF58B-3E68-4375-BAB2-03B1008118C0}.Ad-Hoc|iPhone.ActiveCfg = Release|Any CPU
		{B44AF58B-3E68-4375-BAB2-03B1008118C0}.Ad-Hoc|iPhone.Build.0 = Release|Any CPU
		{B44AF58B-3E68-4375-BAB2-03B1008118C0}.Ad-Hoc|iPhone.Deploy.0 = Release|Any CPU
		{B44AF58B-3E68-4375-BAB2-03B1008118C0}.Ad-Hoc|iPhoneSimulator.ActiveCfg = Release|Any CPU
		{B44AF58B-3E68-4375-BAB2-03B1008118C0}.Ad-Hoc|iPhoneSimulator.Build.0 = Release|Any CPU
		{B44AF58B-3E68-4375-BAB2-03B1008118C0}.Ad-Hoc|iPhoneSimulator.Deploy.0 = Release|Any CPU
		{B44AF58B-3E68-4375-BAB2-03B1008118C0}.Ad-Hoc|x64.ActiveCfg = Release|Any CPU
		{B44AF58B-3E68-4375-BAB2-03B1008118C0}.Ad-Hoc|x64.Build.0 = Release|Any CPU
		{B44AF58B-3E68-4375-BAB2-03B1008118C0}.Ad-Hoc|x64.Deploy.0 = Release|Any CPU
		{B44AF58B-3E68-4375-BAB2-03B1008118C0}.Ad-Hoc|x86.ActiveCfg = Release|Any CPU
		{B44AF58B-3E68-4375-BAB2-03B1008118C0}.Ad-Hoc|x86.Build.0 = Release|Any CPU
		{B44AF58B-3E68-4375-BAB2-03B1008118C0}.Ad-Hoc|x86.Deploy.0 = Release|Any CPU
		{B44AF58B-3E68-4375-BAB2-03B1008118C0}.AppStore|Any CPU.ActiveCfg = Release|Any CPU
		{B44AF58B-3E68-4375-BAB2-03B1008118C0}.AppStore|Any CPU.Build.0 = Release|Any CPU
		{B44AF58B-3E68-4375-BAB2-03B1008118C0}.AppStore|Any CPU.Deploy.0 = Release|Any CPU
		{B44AF58B-3E68-4375-BAB2-03B1008118C0}.AppStore|ARM.ActiveCfg = Release|Any CPU
		{B44AF58B-3E68-4375-BAB2-03B1008118C0}.AppStore|ARM.Build.0 = Release|Any CPU
		{B44AF58B-3E68-4375-BAB2-03B1008118C0}.AppStore|ARM.Deploy.0 = Release|Any CPU
		{B44AF58B-3E68-4375-BAB2-03B1008118C0}.AppStore|iPhone.ActiveCfg = Release|Any CPU
		{B44AF58B-3E68-4375-BAB2-03B1008118C0}.AppStore|iPhone.Build.0 = Release|Any CPU
		{B44AF58B-3E68-4375-BAB2-03B1008118C0}.AppStore|iPhone.Deploy.0 = Release|Any CPU
		{B44AF58B-3E68-4375-BAB2-03B1008118C0}.AppStore|iPhoneSimulator.ActiveCfg = Release|Any CPU
		{B44AF58B-3E68-4375-BAB2-03B1008118C0}.AppStore|iPhoneSimulator.Build.0 = Release|Any CPU
		{B44AF58B-3E68-4375-BAB2-03B1008118C0}.AppStore|iPhoneSimulator.Deploy.0 = Release|Any CPU
		{B44AF58B-3E68-4375-BAB2-03B1008118C0}.AppStore|x64.ActiveCfg = Release|Any CPU
		{B44AF58B-3E68-4375-BAB2-03B1008118C0}.AppStore|x64.Build.0 = Release|Any CPU
		{B44AF58B-3E68-4375-BAB2-03B1008118C0}.AppStore|x64.Deploy.0 = Release|Any CPU
		{B44AF58B-3E68-4375-BAB2-03B1008118C0}.AppStore|x86.ActiveCfg = Release|Any CPU
		{B44AF58B-3E68-4375-BAB2-03B1008118C0}.AppStore|x86.Build.0 = Release|Any CPU
		{B44AF58B-3E68-4375-BAB2-03B1008118C0}.AppStore|x86.Deploy.0 = Release|Any CPU
		{B44AF58B-3E68-4375-BAB2-03B1008118C0}.Debug|Any CPU.ActiveCfg = Debug|Any CPU
		{B44AF58B-3E68-4375-BAB2-03B1008118C0}.Debug|Any CPU.Build.0 = Debug|Any CPU
		{B44AF58B-3E68-4375-BAB2-03B1008118C0}.Debug|Any CPU.Deploy.0 = Debug|Any CPU
		{B44AF58B-3E68-4375-BAB2-03B1008118C0}.Debug|ARM.ActiveCfg = Debug|Any CPU
		{B44AF58B-3E68-4375-BAB2-03B1008118C0}.Debug|ARM.Build.0 = Debug|Any CPU
		{B44AF58B-3E68-4375-BAB2-03B1008118C0}.Debug|ARM.Deploy.0 = Debug|Any CPU
		{B44AF58B-3E68-4375-BAB2-03B1008118C0}.Debug|iPhone.ActiveCfg = Debug|Any CPU
		{B44AF58B-3E68-4375-BAB2-03B1008118C0}.Debug|iPhone.Build.0 = Debug|Any CPU
		{B44AF58B-3E68-4375-BAB2-03B1008118C0}.Debug|iPhone.Deploy.0 = Debug|Any CPU
		{B44AF58B-3E68-4375-BAB2-03B1008118C0}.Debug|iPhoneSimulator.ActiveCfg = Debug|Any CPU
		{B44AF58B-3E68-4375-BAB2-03B1008118C0}.Debug|iPhoneSimulator.Build.0 = Debug|Any CPU
		{B44AF58B-3E68-4375-BAB2-03B1008118C0}.Debug|iPhoneSimulator.Deploy.0 = Debug|Any CPU
		{B44AF58B-3E68-4375-BAB2-03B1008118C0}.Debug|x64.ActiveCfg = Debug|Any CPU
		{B44AF58B-3E68-4375-BAB2-03B1008118C0}.Debug|x64.Build.0 = Debug|Any CPU
		{B44AF58B-3E68-4375-BAB2-03B1008118C0}.Debug|x64.Deploy.0 = Debug|Any CPU
		{B44AF58B-3E68-4375-BAB2-03B1008118C0}.Debug|x86.ActiveCfg = Debug|Any CPU
		{B44AF58B-3E68-4375-BAB2-03B1008118C0}.Debug|x86.Build.0 = Debug|Any CPU
		{B44AF58B-3E68-4375-BAB2-03B1008118C0}.Debug|x86.Deploy.0 = Debug|Any CPU
		{B44AF58B-3E68-4375-BAB2-03B1008118C0}.Release|Any CPU.ActiveCfg = Release|Any CPU
		{B44AF58B-3E68-4375-BAB2-03B1008118C0}.Release|Any CPU.Build.0 = Release|Any CPU
		{B44AF58B-3E68-4375-BAB2-03B1008118C0}.Release|Any CPU.Deploy.0 = Release|Any CPU
		{B44AF58B-3E68-4375-BAB2-03B1008118C0}.Release|ARM.ActiveCfg = Release|Any CPU
		{B44AF58B-3E68-4375-BAB2-03B1008118C0}.Release|ARM.Build.0 = Release|Any CPU
		{B44AF58B-3E68-4375-BAB2-03B1008118C0}.Release|ARM.Deploy.0 = Release|Any CPU
		{B44AF58B-3E68-4375-BAB2-03B1008118C0}.Release|iPhone.ActiveCfg = Release|Any CPU
		{B44AF58B-3E68-4375-BAB2-03B1008118C0}.Release|iPhone.Build.0 = Release|Any CPU
		{B44AF58B-3E68-4375-BAB2-03B1008118C0}.Release|iPhone.Deploy.0 = Release|Any CPU
		{B44AF58B-3E68-4375-BAB2-03B1008118C0}.Release|iPhoneSimulator.ActiveCfg = Release|Any CPU
		{B44AF58B-3E68-4375-BAB2-03B1008118C0}.Release|iPhoneSimulator.Build.0 = Release|Any CPU
		{B44AF58B-3E68-4375-BAB2-03B1008118C0}.Release|iPhoneSimulator.Deploy.0 = Release|Any CPU
		{B44AF58B-3E68-4375-BAB2-03B1008118C0}.Release|x64.ActiveCfg = Release|Any CPU
		{B44AF58B-3E68-4375-BAB2-03B1008118C0}.Release|x64.Build.0 = Release|Any CPU
		{B44AF58B-3E68-4375-BAB2-03B1008118C0}.Release|x64.Deploy.0 = Release|Any CPU
		{B44AF58B-3E68-4375-BAB2-03B1008118C0}.Release|x86.ActiveCfg = Release|Any CPU
		{B44AF58B-3E68-4375-BAB2-03B1008118C0}.Release|x86.Build.0 = Release|Any CPU
		{B44AF58B-3E68-4375-BAB2-03B1008118C0}.Release|x86.Deploy.0 = Release|Any CPU
		{4BBE84D7-3F4F-48C3-93B0-A0C84E3B19B7}.Ad-Hoc|Any CPU.ActiveCfg = Ad-Hoc|iPhone
		{4BBE84D7-3F4F-48C3-93B0-A0C84E3B19B7}.Ad-Hoc|ARM.ActiveCfg = Ad-Hoc|iPhone
		{4BBE84D7-3F4F-48C3-93B0-A0C84E3B19B7}.Ad-Hoc|iPhone.ActiveCfg = Ad-Hoc|iPhone
		{4BBE84D7-3F4F-48C3-93B0-A0C84E3B19B7}.Ad-Hoc|iPhone.Build.0 = Ad-Hoc|iPhone
		{4BBE84D7-3F4F-48C3-93B0-A0C84E3B19B7}.Ad-Hoc|iPhoneSimulator.ActiveCfg = Ad-Hoc|iPhoneSimulator
		{4BBE84D7-3F4F-48C3-93B0-A0C84E3B19B7}.Ad-Hoc|iPhoneSimulator.Build.0 = Ad-Hoc|iPhoneSimulator
		{4BBE84D7-3F4F-48C3-93B0-A0C84E3B19B7}.Ad-Hoc|x64.ActiveCfg = Ad-Hoc|iPhone
		{4BBE84D7-3F4F-48C3-93B0-A0C84E3B19B7}.Ad-Hoc|x86.ActiveCfg = Ad-Hoc|iPhone
		{4BBE84D7-3F4F-48C3-93B0-A0C84E3B19B7}.AppStore|Any CPU.ActiveCfg = AppStore|iPhone
		{4BBE84D7-3F4F-48C3-93B0-A0C84E3B19B7}.AppStore|ARM.ActiveCfg = AppStore|iPhone
		{4BBE84D7-3F4F-48C3-93B0-A0C84E3B19B7}.AppStore|iPhone.ActiveCfg = AppStore|iPhone
		{4BBE84D7-3F4F-48C3-93B0-A0C84E3B19B7}.AppStore|iPhone.Build.0 = AppStore|iPhone
		{4BBE84D7-3F4F-48C3-93B0-A0C84E3B19B7}.AppStore|iPhoneSimulator.ActiveCfg = AppStore|iPhoneSimulator
		{4BBE84D7-3F4F-48C3-93B0-A0C84E3B19B7}.AppStore|iPhoneSimulator.Build.0 = AppStore|iPhoneSimulator
		{4BBE84D7-3F4F-48C3-93B0-A0C84E3B19B7}.AppStore|x64.ActiveCfg = AppStore|iPhone
		{4BBE84D7-3F4F-48C3-93B0-A0C84E3B19B7}.AppStore|x86.ActiveCfg = AppStore|iPhone
		{4BBE84D7-3F4F-48C3-93B0-A0C84E3B19B7}.Debug|Any CPU.ActiveCfg = Debug|iPhone
		{4BBE84D7-3F4F-48C3-93B0-A0C84E3B19B7}.Debug|ARM.ActiveCfg = Debug|iPhone
		{4BBE84D7-3F4F-48C3-93B0-A0C84E3B19B7}.Debug|iPhone.ActiveCfg = Debug|iPhone
		{4BBE84D7-3F4F-48C3-93B0-A0C84E3B19B7}.Debug|iPhone.Build.0 = Debug|iPhone
		{4BBE84D7-3F4F-48C3-93B0-A0C84E3B19B7}.Debug|iPhoneSimulator.ActiveCfg = Debug|iPhoneSimulator
		{4BBE84D7-3F4F-48C3-93B0-A0C84E3B19B7}.Debug|iPhoneSimulator.Build.0 = Debug|iPhoneSimulator
		{4BBE84D7-3F4F-48C3-93B0-A0C84E3B19B7}.Debug|x64.ActiveCfg = Debug|iPhone
		{4BBE84D7-3F4F-48C3-93B0-A0C84E3B19B7}.Debug|x86.ActiveCfg = Debug|iPhone
		{4BBE84D7-3F4F-48C3-93B0-A0C84E3B19B7}.Release|Any CPU.ActiveCfg = Release|iPhone
		{4BBE84D7-3F4F-48C3-93B0-A0C84E3B19B7}.Release|ARM.ActiveCfg = Release|iPhone
		{4BBE84D7-3F4F-48C3-93B0-A0C84E3B19B7}.Release|iPhone.ActiveCfg = Release|iPhone
		{4BBE84D7-3F4F-48C3-93B0-A0C84E3B19B7}.Release|iPhone.Build.0 = Release|iPhone
		{4BBE84D7-3F4F-48C3-93B0-A0C84E3B19B7}.Release|iPhoneSimulator.ActiveCfg = Release|iPhoneSimulator
		{4BBE84D7-3F4F-48C3-93B0-A0C84E3B19B7}.Release|iPhoneSimulator.Build.0 = Release|iPhoneSimulator
		{4BBE84D7-3F4F-48C3-93B0-A0C84E3B19B7}.Release|x64.ActiveCfg = Release|iPhone
		{4BBE84D7-3F4F-48C3-93B0-A0C84E3B19B7}.Release|x86.ActiveCfg = Release|iPhone
		{4A674579-9BF5-44D0-83B4-0CD70625A614}.Ad-Hoc|Any CPU.ActiveCfg = Release|x86
		{4A674579-9BF5-44D0-83B4-0CD70625A614}.Ad-Hoc|Any CPU.Build.0 = Release|x86
		{4A674579-9BF5-44D0-83B4-0CD70625A614}.Ad-Hoc|Any CPU.Deploy.0 = Release|x86
		{4A674579-9BF5-44D0-83B4-0CD70625A614}.Ad-Hoc|ARM.ActiveCfg = Release|ARM
		{4A674579-9BF5-44D0-83B4-0CD70625A614}.Ad-Hoc|ARM.Build.0 = Release|ARM
		{4A674579-9BF5-44D0-83B4-0CD70625A614}.Ad-Hoc|ARM.Deploy.0 = Release|ARM
		{4A674579-9BF5-44D0-83B4-0CD70625A614}.Ad-Hoc|iPhone.ActiveCfg = Release|x86
		{4A674579-9BF5-44D0-83B4-0CD70625A614}.Ad-Hoc|iPhone.Build.0 = Release|x86
		{4A674579-9BF5-44D0-83B4-0CD70625A614}.Ad-Hoc|iPhone.Deploy.0 = Release|x86
		{4A674579-9BF5-44D0-83B4-0CD70625A614}.Ad-Hoc|iPhoneSimulator.ActiveCfg = Release|x86
		{4A674579-9BF5-44D0-83B4-0CD70625A614}.Ad-Hoc|iPhoneSimulator.Build.0 = Release|x86
		{4A674579-9BF5-44D0-83B4-0CD70625A614}.Ad-Hoc|iPhoneSimulator.Deploy.0 = Release|x86
		{4A674579-9BF5-44D0-83B4-0CD70625A614}.Ad-Hoc|x64.ActiveCfg = Release|x64
		{4A674579-9BF5-44D0-83B4-0CD70625A614}.Ad-Hoc|x64.Build.0 = Release|x64
		{4A674579-9BF5-44D0-83B4-0CD70625A614}.Ad-Hoc|x64.Deploy.0 = Release|x64
		{4A674579-9BF5-44D0-83B4-0CD70625A614}.Ad-Hoc|x86.ActiveCfg = Release|x86
		{4A674579-9BF5-44D0-83B4-0CD70625A614}.Ad-Hoc|x86.Build.0 = Release|x86
		{4A674579-9BF5-44D0-83B4-0CD70625A614}.Ad-Hoc|x86.Deploy.0 = Release|x86
		{4A674579-9BF5-44D0-83B4-0CD70625A614}.AppStore|Any CPU.ActiveCfg = Release|x86
		{4A674579-9BF5-44D0-83B4-0CD70625A614}.AppStore|Any CPU.Build.0 = Release|x86
		{4A674579-9BF5-44D0-83B4-0CD70625A614}.AppStore|Any CPU.Deploy.0 = Release|x86
		{4A674579-9BF5-44D0-83B4-0CD70625A614}.AppStore|ARM.ActiveCfg = Release|ARM
		{4A674579-9BF5-44D0-83B4-0CD70625A614}.AppStore|ARM.Build.0 = Release|ARM
		{4A674579-9BF5-44D0-83B4-0CD70625A614}.AppStore|ARM.Deploy.0 = Release|ARM
		{4A674579-9BF5-44D0-83B4-0CD70625A614}.AppStore|iPhone.ActiveCfg = Release|x86
		{4A674579-9BF5-44D0-83B4-0CD70625A614}.AppStore|iPhone.Build.0 = Release|x86
		{4A674579-9BF5-44D0-83B4-0CD70625A614}.AppStore|iPhone.Deploy.0 = Release|x86
		{4A674579-9BF5-44D0-83B4-0CD70625A614}.AppStore|iPhoneSimulator.ActiveCfg = Release|x86
		{4A674579-9BF5-44D0-83B4-0CD70625A614}.AppStore|iPhoneSimulator.Build.0 = Release|x86
		{4A674579-9BF5-44D0-83B4-0CD70625A614}.AppStore|iPhoneSimulator.Deploy.0 = Release|x86
		{4A674579-9BF5-44D0-83B4-0CD70625A614}.AppStore|x64.ActiveCfg = Release|x64
		{4A674579-9BF5-44D0-83B4-0CD70625A614}.AppStore|x64.Build.0 = Release|x64
		{4A674579-9BF5-44D0-83B4-0CD70625A614}.AppStore|x64.Deploy.0 = Release|x64
		{4A674579-9BF5-44D0-83B4-0CD70625A614}.AppStore|x86.ActiveCfg = Release|x86
		{4A674579-9BF5-44D0-83B4-0CD70625A614}.AppStore|x86.Build.0 = Release|x86
		{4A674579-9BF5-44D0-83B4-0CD70625A614}.AppStore|x86.Deploy.0 = Release|x86
		{4A674579-9BF5-44D0-83B4-0CD70625A614}.Debug|Any CPU.ActiveCfg = Debug|x86
		{4A674579-9BF5-44D0-83B4-0CD70625A614}.Debug|Any CPU.Build.0 = Debug|x86
		{4A674579-9BF5-44D0-83B4-0CD70625A614}.Debug|Any CPU.Deploy.0 = Debug|x86
		{4A674579-9BF5-44D0-83B4-0CD70625A614}.Debug|ARM.ActiveCfg = Debug|ARM
		{4A674579-9BF5-44D0-83B4-0CD70625A614}.Debug|ARM.Build.0 = Debug|ARM
		{4A674579-9BF5-44D0-83B4-0CD70625A614}.Debug|ARM.Deploy.0 = Debug|ARM
		{4A674579-9BF5-44D0-83B4-0CD70625A614}.Debug|iPhone.ActiveCfg = Debug|x86
		{4A674579-9BF5-44D0-83B4-0CD70625A614}.Debug|iPhoneSimulator.ActiveCfg = Debug|x86
		{4A674579-9BF5-44D0-83B4-0CD70625A614}.Debug|x64.ActiveCfg = Debug|x64
		{4A674579-9BF5-44D0-83B4-0CD70625A614}.Debug|x64.Build.0 = Debug|x64
		{4A674579-9BF5-44D0-83B4-0CD70625A614}.Debug|x64.Deploy.0 = Debug|x64
		{4A674579-9BF5-44D0-83B4-0CD70625A614}.Debug|x86.ActiveCfg = Debug|x86
		{4A674579-9BF5-44D0-83B4-0CD70625A614}.Debug|x86.Build.0 = Debug|x86
		{4A674579-9BF5-44D0-83B4-0CD70625A614}.Debug|x86.Deploy.0 = Debug|x86
		{4A674579-9BF5-44D0-83B4-0CD70625A614}.Release|Any CPU.ActiveCfg = Release|x86
		{4A674579-9BF5-44D0-83B4-0CD70625A614}.Release|ARM.ActiveCfg = Release|ARM
		{4A674579-9BF5-44D0-83B4-0CD70625A614}.Release|ARM.Build.0 = Release|ARM
		{4A674579-9BF5-44D0-83B4-0CD70625A614}.Release|ARM.Deploy.0 = Release|ARM
		{4A674579-9BF5-44D0-83B4-0CD70625A614}.Release|iPhone.ActiveCfg = Release|x86
		{4A674579-9BF5-44D0-83B4-0CD70625A614}.Release|iPhoneSimulator.ActiveCfg = Release|x86
		{4A674579-9BF5-44D0-83B4-0CD70625A614}.Release|x64.ActiveCfg = Release|x64
		{4A674579-9BF5-44D0-83B4-0CD70625A614}.Release|x64.Build.0 = Release|x64
		{4A674579-9BF5-44D0-83B4-0CD70625A614}.Release|x64.Deploy.0 = Release|x64
		{4A674579-9BF5-44D0-83B4-0CD70625A614}.Release|x86.ActiveCfg = Release|x86
		{4A674579-9BF5-44D0-83B4-0CD70625A614}.Release|x86.Build.0 = Release|x86
		{4A674579-9BF5-44D0-83B4-0CD70625A614}.Release|x86.Deploy.0 = Release|x86
	EndGlobalSection
	GlobalSection(SolutionProperties) = preSolution
		HideSolutionNode = FALSE
	EndGlobalSection
EndGlobal
